{
  "version": "3",
  "redirects": {
    "https://deno.land/x/oak/mod.ts": "https://deno.land/x/oak@v12.6.1/mod.ts"
  },
  "remote": {
    "https://cdn.skypack.dev/-/@firebase/app@v0.6.28-9llV6BHulQZMJrbeJ7bn/dist=es2019,mode=imports/optimized/@firebase/app.js": "22395386aabc54dba3af2d08a53942076a4c51d4c92b9d71cec878e4d78e7524",
    "https://cdn.skypack.dev/-/@firebase/app@v0.7.14-GJlXydJb3JcmLu0qkTHq/dist=es2019,mode=imports/optimized/@firebase/app.js": "4b648ab737e7cc02342809b12da29c84e8dc3bdd77b9792034be4a84737a5041",
    "https://cdn.skypack.dev/-/@firebase/app@v0.9.24-KO1HDAKrs8sL2vx5RacN/dist=es2019,mode=imports/optimized/@firebase/app.js": "0a9503f0d9fbf56060c43b02192736fd222e633642cb2c94b132de7a58993a07",
    "https://cdn.skypack.dev/-/@firebase/app@v0.9.25-uQ2tyI5jE3UeELJ8ua1W/dist=es2019,mode=imports/optimized/@firebase/app.js": "dae90ef9a48cb5cdb5ac216b959c36fdc510852577527df5b0ea4625381a1553",
    "https://cdn.skypack.dev/-/@firebase/app@v0.9.25-uQ2tyI5jE3UeELJ8ua1W/dist=es2020,mode=imports/optimized/@firebase/app.js": "67cff3793ce56a8b706f842df312dd2d0688503df1c1b660d2fbd3f269775082",
    "https://cdn.skypack.dev/-/@firebase/auth@v0.16.8-fuIw7Baswv7gZ8Si3voa/dist=es2019,mode=imports/optimized/@firebase/auth.js": "27b260a67d5d68689651ae8053cd5cc948ed44ecc4bbd67a4c1f7d350056022d",
    "https://cdn.skypack.dev/-/@firebase/auth@v1.5.1-1a4vH0Nj6CXhY25pj9u0/dist=es2019,mode=imports/optimized/@firebase/auth.js": "d514a7ba2b75186d6ce84f7906696c1be3e2d454be2cc8794d0a21c48cc42374",
    "https://cdn.skypack.dev/-/@firebase/auth@v1.5.1-1a4vH0Nj6CXhY25pj9u0/dist=es2019,mode=imports/optimized/common/index-dd468b12-3caeaadb.js": "2747b8dde6fb6b612e1e757d8cf17620cc557448944713a5f26823022b866819",
    "https://cdn.skypack.dev/-/@firebase/component@v0.5.10-FCGhmwktBGOMfs8IijTq/dist=es2019,mode=imports/optimized/@firebase/component.js": "908ca2c2b9e7e3985d10cd5059269986a3e27d1f10aff1593218a8987553d781",
    "https://cdn.skypack.dev/-/@firebase/component@v0.5.4-oTertoV5qLQJ2lhZrxNv/dist=es2019,mode=imports/optimized/@firebase/component.js": "5e8fe87041bd5d9c885f0db60dacbb6966d66294ca00e78ee4645489e5d66a04",
    "https://cdn.skypack.dev/-/@firebase/component@v0.6.4-ZyfJv9m3y7xDo8Mzr8GZ/dist=es2019,mode=imports/optimized/@firebase/component.js": "59f3d0416372f1211629c92ecec7a91e91750b21555b2a2bb41969129669b6e7",
    "https://cdn.skypack.dev/-/@firebase/component@v0.6.4-ZyfJv9m3y7xDo8Mzr8GZ/dist=es2020,mode=imports/optimized/@firebase/component.js": "3acd43e299219fe31b77274d8cc0ae729446c9bb92e7fb1dbd962b7e7b9641d6",
    "https://cdn.skypack.dev/-/@firebase/firestore@v2.3.8-7gekwIXeA2YXJh4nbMEY/dist=es2019,mode=imports/optimized/@firebase/firestore.js": "ece13d8df147a9f3cead3df357d22fa355e6884984da5ba8eba3b9c5f1a11aaa",
    "https://cdn.skypack.dev/-/@firebase/firestore@v4.4.0-wt4jdaqOqwer6n3JSlIf/dist=es2019,mode=imports/optimized/@firebase/firestore.js": "90f82ca9709b441e9703c33a10b1e0120a8b90e4a153a34cb4052967171e92d5",
    "https://cdn.skypack.dev/-/@firebase/logger@v0.2.6-KFivBUFGdEto0GXibKni/dist=es2019,mode=imports/optimized/@firebase/logger.js": "d8f11b51944b3e381333bc1733d88de62d7d0ee2f70ea6d4e67497757aaa5919",
    "https://cdn.skypack.dev/-/@firebase/logger@v0.3.2-h7x4OWlAPVjgNAAOr2gq/dist=es2019,mode=imports/optimized/@firebase/logger.js": "8c9fdd52e7b5b616539b6d7ae2b0a95d240674e08676eeaa5a41b0dab55d4e25",
    "https://cdn.skypack.dev/-/@firebase/logger@v0.4.0-vAjs4JSNs94ow0Lastod/dist=es2019,mode=imports/optimized/@firebase/logger.js": "8c9fdd52e7b5b616539b6d7ae2b0a95d240674e08676eeaa5a41b0dab55d4e25",
    "https://cdn.skypack.dev/-/@firebase/logger@v0.4.0-vAjs4JSNs94ow0Lastod/dist=es2020,mode=imports/optimized/@firebase/logger.js": "8c9fdd52e7b5b616539b6d7ae2b0a95d240674e08676eeaa5a41b0dab55d4e25",
    "https://cdn.skypack.dev/-/@firebase/util@v1.1.0-nQeCTYIuiZvfsLgRZz9e/dist=es2019,mode=imports/optimized/@firebase/util.js": "9933c92535c416158f40b870325452c770028fe519917f6d02ae9172cc908b1b",
    "https://cdn.skypack.dev/-/@firebase/util@v1.4.3-13BnGdo0A5uxcz6gH7eX/dist=es2019,mode=imports/optimized/@firebase/util.js": "75d0192d1a5d0e0aac44c16558d4b2ab823e9df72dcefbf9fee08d34d470453d",
    "https://cdn.skypack.dev/-/@firebase/util@v1.9.3-Otdm5pMQplWhiZOSkLZY/dist=es2019,mode=imports/optimized/@firebase/util.js": "d2e012af53654ace5f864813e7aaf6462311225cc5c2ea230add7ab71b2cbc0f",
    "https://cdn.skypack.dev/-/@firebase/util@v1.9.3-Otdm5pMQplWhiZOSkLZY/dist=es2020,mode=imports/optimized/@firebase/util.js": "d2e012af53654ace5f864813e7aaf6462311225cc5c2ea230add7ab71b2cbc0f",
    "https://cdn.skypack.dev/-/@firebase/webchannel-wrapper@v0.10.5-caWWUEJTnhfQDDL8DiyS/dist=es2019,mode=imports/optimized/@firebase/webchannel-wrapper.js": "8e5b2a9a5c814f02e9cdc020f2618bacaddbab29f112f277c392152dc75dfa59",
    "https://cdn.skypack.dev/-/@firebase/webchannel-wrapper@v0.5.1-oLxOOHy3gMITgSlEdwlF/dist=es2019,mode=imports/optimized/@firebase/webchannel-wrapper.js": "572f6a23d90de819b92f4852728b59fe2eec56ba8ca01f8f3e6c06e22837d885",
    "https://cdn.skypack.dev/-/firebase@v10.7.1-fqGWRBYkw4uEChkCQAyK/dist=es2019,mode=imports/optimized/firebase/app.js": "96bc5d02b16f59ed6074c8058d5b1786dcecf2ca8fd143808943c32235bf6e88",
    "https://cdn.skypack.dev/-/firebase@v10.7.1-fqGWRBYkw4uEChkCQAyK/dist=es2019,mode=imports/optimized/firebase/auth.js": "7d41ed812390a66f69d1abb6f7b649418a3033c62e25cc1ea2c42e82154556cf",
    "https://cdn.skypack.dev/-/firebase@v10.7.1-fqGWRBYkw4uEChkCQAyK/dist=es2019,mode=imports/optimized/firebase/firestore.js": "3b189c8d0bbf9de6d54ab324b9585372986175cf94a22ae33864b7c1b54da690",
    "https://cdn.skypack.dev/-/firebase@v10.7.1-fqGWRBYkw4uEChkCQAyK/dist=es2020,mode=imports/optimized/firebase/app.js": "c78757096518c9cf14e6c658f5157b1804d3ea030f2e95771b5b4272926bd5c7",
    "https://cdn.skypack.dev/-/firebase@v8.7.0-R1buAnY5aIDeDJQPEnxL/dist=es2019,mode=imports/unoptimized/app/dist/index.esm.js": "1f67ab70bb513f1d3135eedbb80293cc5b855370070699c5f41db1b7d2839bdb",
    "https://cdn.skypack.dev/-/firebase@v8.7.0-R1buAnY5aIDeDJQPEnxL/dist=es2019,mode=imports/unoptimized/auth/dist/index.esm.js": "b79c9bede50efb597433662ad89e86b9a5415320c4c5e1a9ff3d6f332d70f326",
    "https://cdn.skypack.dev/-/firebase@v8.7.0-R1buAnY5aIDeDJQPEnxL/dist=es2019,mode=imports/unoptimized/firestore/dist/index.esm.js": "1dd8846f80a935e1b51f484b7888bcda6e8ef68f2c63b2732579f5679c0b3611",
    "https://cdn.skypack.dev/-/idb@v7.1.1-KtA6Bbf3exCXjzK8kKYV/dist=es2019,mode=imports/optimized/idb.js": "5220653c06a4eafc44302ea3f64123bb29561380edc281b7504f000779cacfcc",
    "https://cdn.skypack.dev/-/idb@v7.1.1-KtA6Bbf3exCXjzK8kKYV/dist=es2019,mode=imports/optimized/idb/build/wrap-idb-value.js": "50db814d2395baac0d1cee013fc6a34a8fb982fa5cfe097ff8276b7f778d58f1",
    "https://cdn.skypack.dev/-/idb@v7.1.1-KtA6Bbf3exCXjzK8kKYV/dist=es2020,mode=imports/optimized/idb.js": "5220653c06a4eafc44302ea3f64123bb29561380edc281b7504f000779cacfcc",
    "https://cdn.skypack.dev/-/idb@v7.1.1-KtA6Bbf3exCXjzK8kKYV/dist=es2020,mode=imports/optimized/idb/build/wrap-idb-value.js": "50db814d2395baac0d1cee013fc6a34a8fb982fa5cfe097ff8276b7f778d58f1",
    "https://cdn.skypack.dev/-/tslib@v2.2.0-aACEbPrqb1U8uyinA6J0/dist=es2019,mode=imports/optimized/tslib.js": "95ccfbf8bc9c5b81a343a5827eb6960f24bd26d3aa2dae4f54be032f03d94466",
    "https://cdn.skypack.dev/-/tslib@v2.3.0-7PdXE4NamvODmIuM0tBj/dist=es2019,mode=imports/optimized/tslib.js": "6e5577ae3f56b65d3363105e22a8953adfa0ea795b7f93e9377d8ed35e2bd314",
    "https://cdn.skypack.dev/-/tslib@v2.3.1-oagOtGnmjZ2E5Gt5m3zI/dist=es2019,mode=imports/optimized/tslib.js": "6a8aec215e19801a0cc9dfae2d87b3d5e774115c0684d3bd173ea7950c3a3e9e",
    "https://cdn.skypack.dev/-/tslib@v2.6.2-OVagwiLDRFa7T0n3eDR1/dist=es2019,mode=imports/optimized/tslib.js": "7e714aa04743c2b7e426a28fe18074b35ae8d4f53d613e069b5fd9c7b740753b",
    "https://cdn.skypack.dev/firebase/app": "70be86497954bafac4e09aec060e58ad407f38f6e63d6e0251452d25cac48cfb",
    "https://cdn.skypack.dev/firebase/firestore": "7c37c76286b3a6bca0b7777446784ab4372bc9823a6285ff3255b2a72f78c55f",
    "https://cdn.skypack.dev/firebase@10.7.1/app": "70be86497954bafac4e09aec060e58ad407f38f6e63d6e0251452d25cac48cfb",
    "https://cdn.skypack.dev/firebase@10.7.1/auth": "e46945bc4edb9275b3f0619dd42664172bc8e947471c7b39e694dbd378c05298",
    "https://cdn.skypack.dev/firebase@10.7.1/firestore": "7c37c76286b3a6bca0b7777446784ab4372bc9823a6285ff3255b2a72f78c55f",
    "https://cdn.skypack.dev/firebase@8.7.0/app": "e0aa6c4648f185d0bfd8528e9ffb66f529b3d8f5354b6e32b0d702f4371a0d71",
    "https://cdn.skypack.dev/firebase@8.7.0/auth": "dc06bbc24bd86ae06ce2ee8c84a58a9a0c9e5f84fcf4fe81701c698fdfb36a9f",
    "https://cdn.skypack.dev/firebase@8.7.0/firestore": "712d5182d582e693fbd058562eda825da1efa14c8961b1ef289fc8efc57b7691",
    "https://cdn.skypack.dev/pin/firebase@v10.7.1-fqGWRBYkw4uEChkCQAyK/mode=imports/optimized/firebase/app.js": "3a267bc857ce9974d0f5480ba9e6f3a17fa8f88ac55d5c1eff61531a0b6f5346",
    "https://deno.land/std@0.199.0/media_types/_db.ts": "7606d83e31f23ce1a7968cbaee852810c2cf477903a095696cdc62eaab7ce570",
    "https://deno.land/std@0.199.0/media_types/_util.ts": "916efbd30b6148a716f110e67a4db29d6949bf4048997b754415dd7e42c52378",
    "https://deno.land/std@0.199.0/media_types/content_type.ts": "ad98a5aa2d95f5965b2796072284258710a25e520952376ed432b0937ce743bc",
    "https://deno.land/std@0.199.0/media_types/extension.ts": "a7cd28c9417143387cdfed27d4e8607ebcf5b1ec27eb8473d5b000144689fe65",
    "https://deno.land/std@0.199.0/media_types/extensions_by_type.ts": "43806d6a52a0d6d965ada9d20e60a982feb40bc7a82268178d94edb764694fed",
    "https://deno.land/std@0.199.0/media_types/format_media_type.ts": "f5e1073c05526a6f5a516ac5c5587a1abd043bf1039c71cde1166aa4328c8baf",
    "https://deno.land/std@0.199.0/media_types/get_charset.ts": "18b88274796fda5d353806bf409eb1d2ddb3f004eb4bd311662c4cdd8ac173db",
    "https://deno.land/std@0.199.0/media_types/mod.ts": "d3f0b99f85053bc0b98ecc24eaa3546dfa09b856dc0bbaf60d8956d2cdd710c8",
    "https://deno.land/std@0.199.0/media_types/parse_media_type.ts": "8cb0144385c555c9ce81881b7cee3fbb746f23b4af988fecdb7bd01ef8cc35b1",
    "https://deno.land/std@0.199.0/media_types/type_by_extension.ts": "daa801eb0f11cdf199445d0f1b656cf116d47dcf9e5b85cc1e6b4469f5ee0432",
    "https://deno.land/std@0.199.0/media_types/vendor/mime-db.v1.52.0.ts": "6925bbcae81ca37241e3f55908d0505724358cda3384eaea707773b2c7e99586",
    "https://deno.land/std@0.200.0/_util/os.ts": "d932f56d41e4f6a6093d56044e29ce637f8dcc43c5a90af43504a889cf1775e3",
    "https://deno.land/std@0.200.0/assert/assert.ts": "9a97dad6d98c238938e7540736b826440ad8c1c1e54430ca4c4e623e585607ee",
    "https://deno.land/std@0.200.0/assert/assertion_error.ts": "4d0bde9b374dfbcbe8ac23f54f567b77024fb67dbb1906a852d67fe050d42f56",
    "https://deno.land/std@0.200.0/async/deferred.ts": "42790112f36a75a57db4a96d33974a936deb7b04d25c6084a9fa8a49f135def8",
    "https://deno.land/std@0.200.0/bytes/bytes_list.ts": "31d664f4d42fa922066405d0e421c56da89d751886ee77bbe25a88bf0310c9d0",
    "https://deno.land/std@0.200.0/bytes/concat.ts": "d26d6f3d7922e6d663dacfcd357563b7bf4a380ce5b9c2bbe0c8586662f25ce2",
    "https://deno.land/std@0.200.0/bytes/copy.ts": "939d89e302a9761dcf1d9c937c7711174ed74c59eef40a1e4569a05c9de88219",
    "https://deno.land/std@0.200.0/bytes/ends_with.ts": "4228811ebc71615d27f065c54b5e815ec1972538772b0f413c0efe05245b472e",
    "https://deno.land/std@0.200.0/bytes/equals.ts": "fc190cce412b2136979181b163ec7e05f7e7a947e39102eee4b8c0d62519ddf9",
    "https://deno.land/std@0.200.0/bytes/includes_needle.ts": "76a8163126fb2f8bf86fd7f22192c3bb04bf6a20b987a095127c2ca08adf3ba6",
    "https://deno.land/std@0.200.0/bytes/index_of_needle.ts": "9c06610e9611b5647ac25952e71a22e09227c9f1b8cbeeb33399bf8bf8a7f649",
    "https://deno.land/std@0.200.0/bytes/last_index_of_needle.ts": "f1602f221c3b678bc4f1e1c88a70a15ab7da32c21751dbbc6c957c956951d784",
    "https://deno.land/std@0.200.0/bytes/mod.ts": "e869bba1e7a2e3a9cc6c2d55471888429a544e70a840c087672e656e7ba21815",
    "https://deno.land/std@0.200.0/bytes/repeat.ts": "6f5e490d8d72bcbf8d84a6bb04690b9b3eb5822c5a11687bca73a2318a842294",
    "https://deno.land/std@0.200.0/bytes/starts_with.ts": "3e607a70c9c09f5140b7a7f17a695221abcc7244d20af3eb47ccbb63f5885135",
    "https://deno.land/std@0.200.0/crypto/keystack.ts": "877ab0f19eb7d37ad6495190d3c3e39f58e9c52e0b6a966f82fd6df67ca55f90",
    "https://deno.land/std@0.200.0/crypto/timing_safe_equal.ts": "7b0a4d2ef1c17590e0ad6c0cb1776369d2ba80cd99e945005e117851690507fe",
    "https://deno.land/std@0.200.0/encoding/base64.ts": "144ae6234c1fbe5b68666c711dc15b1e9ee2aef6d42b3b4345bf9a6c91d70d0d",
    "https://deno.land/std@0.200.0/encoding/base64url.ts": "2ed4ba122b20fedf226c5d337cf22ee2024fa73a8f85d915d442af7e9ce1fae1",
    "https://deno.land/std@0.200.0/http/_negotiation/common.ts": "14d1a52427ab258a4b7161cd80e1d8a207b7cc64b46e911780f57ead5f4323c6",
    "https://deno.land/std@0.200.0/http/_negotiation/encoding.ts": "ff747d107277c88cb7a6a62a08eeb8d56dad91564cbcccb30694d5dc126dcc53",
    "https://deno.land/std@0.200.0/http/_negotiation/language.ts": "7bcddd8db3330bdb7ce4fc00a213c5547c1968139864201efd67ef2d0d51887d",
    "https://deno.land/std@0.200.0/http/_negotiation/media_type.ts": "58847517cd549384ad677c0fe89e0a4815be36fe7a303ea63cee5f6a1d7e1692",
    "https://deno.land/std@0.200.0/http/cookie_map.ts": "64601025a7d24c3ebd80a169ccc99145bdbfc60606935348e1d4366d0bf9010d",
    "https://deno.land/std@0.200.0/http/etag.ts": "807382795850cde5c437c74bcc09392bc0fc56de348fc1271f383f4b28935b9f",
    "https://deno.land/std@0.200.0/http/http_errors.ts": "bbda34819060af86537cecc9dc8e045f877130808b7e7acde4197c5328e852d0",
    "https://deno.land/std@0.200.0/http/http_status.ts": "8a7bcfe3ac025199ad804075385e57f63d055b2aed539d943ccc277616d6f932",
    "https://deno.land/std@0.200.0/http/method.ts": "e66c2a015cb46c21ab0bb3589aa4fca43143a506cb324ffdfd42d2edef7bc0c4",
    "https://deno.land/std@0.200.0/http/negotiation.ts": "46e74a6bad4b857333a58dc5b50fe8e5a4d5267e97292293ea65f980bd918086",
    "https://deno.land/std@0.200.0/http/server_sent_event.ts": "29f707c1afa5278ac0315ac115ee679d6b93596d5af3fad5ef33f04254ca76c1",
    "https://deno.land/std@0.200.0/http/user_agent.ts": "35d3c70d0926b0e121b8c1bbc324b3522479158acaa4f0c43928362b7bf4e6f4",
    "https://deno.land/std@0.200.0/io/buf_reader.ts": "2bccff0878537ef201c5051fc0db0ce8196388c5ea69d2be6be1900fe48c5f4b",
    "https://deno.land/std@0.200.0/io/buf_writer.ts": "48c33c8f00b61dcbc7958706741cec8e59810bd307bc6a326cbd474fe8346dfd",
    "https://deno.land/std@0.200.0/io/buffer.ts": "4d6883daeb2e698579c4064170515683d69f40f3de019bfe46c5cf31e74ae793",
    "https://deno.land/std@0.200.0/io/copy_n.ts": "c055296297b9d4897d90d1ac056b072dc02614e60c67f438e23fbce052ea4c69",
    "https://deno.land/std@0.200.0/io/limited_reader.ts": "6c9a216f8eef39c1ee2a6b37a29372c8fc63455b2eeb91f06d9646f8f759fc8b",
    "https://deno.land/std@0.200.0/io/mod.ts": "2665bcccc1fd6e8627cca167c3e92aaecbd9897556b6f69e6d258070ef63fd9b",
    "https://deno.land/std@0.200.0/io/multi_reader.ts": "9c2a0a31686c44b277e16da1d97b4686a986edcee48409b84be25eedbc39b271",
    "https://deno.land/std@0.200.0/io/read_delim.ts": "c02b93cc546ae8caad8682ae270863e7ace6daec24c1eddd6faabc95a9d876a3",
    "https://deno.land/std@0.200.0/io/read_int.ts": "7cb8bcdfaf1107586c3bacc583d11c64c060196cb070bb13ae8c2061404f911f",
    "https://deno.land/std@0.200.0/io/read_lines.ts": "c526c12a20a9386dc910d500f9cdea43cba974e853397790bd146817a7eef8cc",
    "https://deno.land/std@0.200.0/io/read_long.ts": "f0aaa420e3da1261c5d33c5e729f09922f3d9fa49f046258d4ff7a00d800c71e",
    "https://deno.land/std@0.200.0/io/read_range.ts": "46a2263d0f8369b6d9abb0b25d99ceb65ff08d621fc57bcc53832e6979295043",
    "https://deno.land/std@0.200.0/io/read_short.ts": "805cb329574b850b84bf14a92c052c59b5977a492cd780c41df8ad40826c1a20",
    "https://deno.land/std@0.200.0/io/read_string_delim.ts": "5dc9f53bdf78e7d4ee1e56b9b60352238ab236a71c3e3b2a713c3d78472a53ce",
    "https://deno.land/std@0.200.0/io/slice_long_to_bytes.ts": "48d9bace92684e880e46aa4a2520fc3867f9d7ce212055f76ecc11b22f9644b7",
    "https://deno.land/std@0.200.0/io/string_reader.ts": "da0f68251b3d5b5112485dfd4d1b1936135c9b4d921182a7edaf47f74c25cc8f",
    "https://deno.land/std@0.200.0/io/string_writer.ts": "8a03c5858c24965a54c6538bed15f32a7c72f5704a12bda56f83a40e28e5433e",
    "https://deno.land/std@0.200.0/media_types/_db.ts": "7606d83e31f23ce1a7968cbaee852810c2cf477903a095696cdc62eaab7ce570",
    "https://deno.land/std@0.200.0/media_types/_util.ts": "916efbd30b6148a716f110e67a4db29d6949bf4048997b754415dd7e42c52378",
    "https://deno.land/std@0.200.0/media_types/content_type.ts": "ad98a5aa2d95f5965b2796072284258710a25e520952376ed432b0937ce743bc",
    "https://deno.land/std@0.200.0/media_types/extension.ts": "a7cd28c9417143387cdfed27d4e8607ebcf5b1ec27eb8473d5b000144689fe65",
    "https://deno.land/std@0.200.0/media_types/extensions_by_type.ts": "43806d6a52a0d6d965ada9d20e60a982feb40bc7a82268178d94edb764694fed",
    "https://deno.land/std@0.200.0/media_types/format_media_type.ts": "f5e1073c05526a6f5a516ac5c5587a1abd043bf1039c71cde1166aa4328c8baf",
    "https://deno.land/std@0.200.0/media_types/get_charset.ts": "18b88274796fda5d353806bf409eb1d2ddb3f004eb4bd311662c4cdd8ac173db",
    "https://deno.land/std@0.200.0/media_types/mod.ts": "d3f0b99f85053bc0b98ecc24eaa3546dfa09b856dc0bbaf60d8956d2cdd710c8",
    "https://deno.land/std@0.200.0/media_types/parse_media_type.ts": "8cb0144385c555c9ce81881b7cee3fbb746f23b4af988fecdb7bd01ef8cc35b1",
    "https://deno.land/std@0.200.0/media_types/type_by_extension.ts": "daa801eb0f11cdf199445d0f1b656cf116d47dcf9e5b85cc1e6b4469f5ee0432",
    "https://deno.land/std@0.200.0/media_types/vendor/mime-db.v1.52.0.ts": "6925bbcae81ca37241e3f55908d0505724358cda3384eaea707773b2c7e99586",
    "https://deno.land/std@0.200.0/path/_basename.ts": "057d420c9049821f983f784fd87fa73ac471901fb628920b67972b0f44319343",
    "https://deno.land/std@0.200.0/path/_constants.ts": "e49961f6f4f48039c0dfed3c3f93e963ca3d92791c9d478ac5b43183413136e0",
    "https://deno.land/std@0.200.0/path/_dirname.ts": "355e297236b2218600aee7a5301b937204c62e12da9db4b0b044993d9e658395",
    "https://deno.land/std@0.200.0/path/_extname.ts": "eaaa5aae1acf1f03254d681bd6a8ce42a9cb5b7ff2213a9d4740e8ab31283664",
    "https://deno.land/std@0.200.0/path/_format.ts": "4a99270d6810f082e614309164fad75d6f1a483b68eed97c830a506cc589f8b4",
    "https://deno.land/std@0.200.0/path/_from_file_url.ts": "7e4e5626089785adddb061f1b9f4932d6b21c7df778e7449531a11e32048245c",
    "https://deno.land/std@0.200.0/path/_interface.ts": "6471159dfbbc357e03882c2266d21ef9afdb1e4aa771b0545e90db58a0ba314b",
    "https://deno.land/std@0.200.0/path/_is_absolute.ts": "05dac10b5e93c63198b92e3687baa2be178df5321c527dc555266c0f4f51558c",
    "https://deno.land/std@0.200.0/path/_join.ts": "fd78555bc34d5f188918fc7018dfe8fe2df5bbad94a3b30a433666c03934d77f",
    "https://deno.land/std@0.200.0/path/_normalize.ts": "a19ec8706b2707f9dd974662a5cd89fad438e62ab1857e08b314a8eb49a34d81",
    "https://deno.land/std@0.200.0/path/_parse.ts": "0f9b0ff43682dd9964eb1c4398610c4e165d8db9d3ac9d594220217adf480cfa",
    "https://deno.land/std@0.200.0/path/_relative.ts": "27bdeffb5311a47d85be26d37ad1969979359f7636c5cd9fcf05dcd0d5099dc5",
    "https://deno.land/std@0.200.0/path/_resolve.ts": "7a3616f1093735ed327e758313b79c3c04ea921808ca5f19ddf240cb68d0adf6",
    "https://deno.land/std@0.200.0/path/_to_file_url.ts": "739bfda583598790b2e77ce227f2bb618f6ebdb939788cea47555b43970ec58c",
    "https://deno.land/std@0.200.0/path/_to_namespaced_path.ts": "0d5f4caa2ed98ef7a8786286df6af804b50e38859ae897b5b5b4c8c5930a75c8",
    "https://deno.land/std@0.200.0/path/_util.ts": "4e191b1bac6b3bf0c31aab42e5ca2e01a86ab5a0d2e08b75acf8585047a86221",
    "https://deno.land/std@0.200.0/path/basename.ts": "6f08fbb90dbfcf320765b3abb01f995b1723f75e2534acfd5380e202c802a3aa",
    "https://deno.land/std@0.200.0/path/common.ts": "ee7505ab01fd22de3963b64e46cff31f40de34f9f8de1fff6a1bd2fe79380000",
    "https://deno.land/std@0.200.0/path/dirname.ts": "098996822a31b4c46e1eb52a19540d3c6f9f54b772fc8a197939eeabc29fca2f",
    "https://deno.land/std@0.200.0/path/extname.ts": "9b83c62fd16505739541f7a3ab447d8972da39dbf668d47af2f93206c2480893",
    "https://deno.land/std@0.200.0/path/format.ts": "cb22f95cc7853d590b87708cc9441785e760d711188facff3d225305a8213aca",
    "https://deno.land/std@0.200.0/path/from_file_url.ts": "a6221cfc928928ec4d9786d767dfac98fa2ab746af0786446c9834a07b98817e",
    "https://deno.land/std@0.200.0/path/glob.ts": "d479e0a695621c94d3fd7fe7abd4f9499caf32a8de13f25073451c6ef420a4e1",
    "https://deno.land/std@0.200.0/path/is_absolute.ts": "6b3d36352eb7fa29edb53f9e7b09b1aeb022a3c5465764f6cc5b8c41f9736197",
    "https://deno.land/std@0.200.0/path/join.ts": "4a2867ff2f3c81ffc9eb3d56dade16db6f8bd3854f269306d23dad4115089c84",
    "https://deno.land/std@0.200.0/path/mod.ts": "7765507696cb321994cdacfc19ee3ba61e8e3ebf4bd98fa75a276cf5dc18ce2a",
    "https://deno.land/std@0.200.0/path/normalize.ts": "7d992cd262b2deefa842d93a8ba2ed51f3949ba595b1d07f627ac2cddbc74808",
    "https://deno.land/std@0.200.0/path/parse.ts": "031fe488b3497fb8312fc1dc3c3d6c2d80707edd9c661e18ee9fd20f95edf322",
    "https://deno.land/std@0.200.0/path/posix.ts": "0a1c1952d132323a88736d03e92bd236f3ed5f9f079e5823fae07c8d978ee61b",
    "https://deno.land/std@0.200.0/path/relative.ts": "7db80c5035016174267da16321a742d76e875215c317859a383b12f413c6f5d6",
    "https://deno.land/std@0.200.0/path/resolve.ts": "103b62207726a27f28177f397008545804ecb20aaf00623af1f622b18cd80b9f",
    "https://deno.land/std@0.200.0/path/separator.ts": "0fb679739d0d1d7bf45b68dacfb4ec7563597a902edbaf3c59b50d5bcadd93b1",
    "https://deno.land/std@0.200.0/path/to_file_url.ts": "dd32f7a01bbf3b15b5df46796659984b372973d9b2d7d59bcf0eb990763a0cb5",
    "https://deno.land/std@0.200.0/path/to_namespaced_path.ts": "4e643ab729bf49ccdc166ad48d2de262ff462938fcf2a44a4425588f4a0bd690",
    "https://deno.land/std@0.200.0/path/win32.ts": "8b3f80ef7a462511d5e8020ff490edcaa0a0d118f1b1e9da50e2916bdd73f9dd",
    "https://deno.land/std@0.200.0/streams/_common.ts": "f45cba84f0d813de3326466095539602364a9ba521f804cc758f7a475cda692d",
    "https://deno.land/std@0.200.0/streams/buffer.ts": "6cd773d22cf21bb988a98cc551b5abfc4c3b03516f93eaa3fb6f2f6e16032deb",
    "https://deno.land/std@0.200.0/streams/byte_slice_stream.ts": "c46d7c74836fc8c1a9acd9fe211cbe1bbaaee1b36087c834fb03af4991135c3a",
    "https://deno.land/std@0.200.0/streams/copy.ts": "75cbc795ff89291df22ddca5252de88b2e16d40c85d02840593386a8a1454f71",
    "https://deno.land/std@0.200.0/streams/delimiter_stream.ts": "f69e849b3d1f59f02424497273f411105a6f76a9f13da92aeeb9a2d554236814",
    "https://deno.land/std@0.200.0/streams/early_zip_readable_streams.ts": "4005fa74162b943f79899e5d7cb96adcbc0a6b867f9144974ed12d30e0a556e1",
    "https://deno.land/std@0.200.0/streams/iterate_reader.ts": "bbec1d45c2df2c0c5920bad0549351446fdc8e0886d99e95959b259dbcdb6072",
    "https://deno.land/std@0.200.0/streams/limited_bytes_transform_stream.ts": "05dc592ffaab83257494d22dd53917e56243c26e5e3129b3f13ddbbbc4785048",
    "https://deno.land/std@0.200.0/streams/limited_transform_stream.ts": "d69ab790232c1b86f53621ad41ef03c235f2abb4b7a1cd51960ad6e12ee55e38",
    "https://deno.land/std@0.200.0/streams/merge_readable_streams.ts": "dc2db0cbf1b14d999aa2aa2a2a1ba24ce58953878f29845ed9319321d0a01fab",
    "https://deno.land/std@0.200.0/streams/mod.ts": "c07ec010e700b9ea887dc36ca08729828bc7912f711e4054e24d33fd46282252",
    "https://deno.land/std@0.200.0/streams/read_all.ts": "ee319772fb0fd28302f97343cc48dfcf948f154fd0d755d8efe65814b70533be",
    "https://deno.land/std@0.200.0/streams/readable_stream_from_iterable.ts": "a355e97ba8671a4611ae9671c1f33c4a7e6a1b42fbdc9a399338ac3d6f875364",
    "https://deno.land/std@0.200.0/streams/readable_stream_from_reader.ts": "bfc416c4576a30aac6b9af22c9dc292c20c6742141ee7c55b5e85460beb0c54e",
    "https://deno.land/std@0.200.0/streams/reader_from_iterable.ts": "55f68110dce3f8f2c87b834d95f153bc904257fc65175f9f2abe78455cb8047c",
    "https://deno.land/std@0.200.0/streams/reader_from_stream_reader.ts": "fa4971e5615a010e49492c5d1688ca1a4d17472a41e98b498ab89a64ebd7ac73",
    "https://deno.land/std@0.200.0/streams/text_delimiter_stream.ts": "20e680ab8b751390e359288ce764f9c47d164af11a263870746eeca4bc7d976b",
    "https://deno.land/std@0.200.0/streams/text_line_stream.ts": "0f2c4b33a5fdb2476f2e060974cba1347cefe99a4af33c28a57524b1a34750fa",
    "https://deno.land/std@0.200.0/streams/to_transform_stream.ts": "89fd367cafb3b6d80d61e2f4f1fcf66cc75723ecee8d474b495f022264ec6c3b",
    "https://deno.land/std@0.200.0/streams/writable_stream_from_writer.ts": "56fff5c82fb736fdd669b567cc0b2bbbe0351002cd13254eae26c366e2bed89a",
    "https://deno.land/std@0.200.0/streams/write_all.ts": "aec90152978581ea62d56bb53a5cbf487e6a89c902f87c5969681ffbdf32b998",
    "https://deno.land/std@0.200.0/streams/writer_from_stream_writer.ts": "07c7ee025151a190f37fc42cbb01ff93afc949119ebddc6e0d0df14df1bf6950",
    "https://deno.land/std@0.200.0/streams/zip_readable_streams.ts": "a9d81aa451240f79230add674809dbee038d93aabe286e2d9671e66591fc86ca",
    "https://deno.land/std@0.99.0/_util/assert.ts": "2f868145a042a11d5ad0a3c748dcf580add8a0dbc0e876eaa0026303a5488f58",
    "https://deno.land/std@0.99.0/_util/has_own_property.ts": "f5edd94ed3f3c20c517d812045deb97977e18501c9b7105b5f5c11a31893d7a2",
    "https://deno.land/std@0.99.0/_util/os.ts": "e282950a0eaa96760c0cf11e7463e66babd15ec9157d4c9ed49cc0925686f6a7",
    "https://deno.land/std@0.99.0/async/deferred.ts": "624bef4b755b71394620508a0c234a93cb8020cbd1b04bfcdad41c174392cef6",
    "https://deno.land/std@0.99.0/async/delay.ts": "9de1d8d07d1927767ab7f82434b883f3d8294fb19cad819691a2ad81a728cf3d",
    "https://deno.land/std@0.99.0/async/mod.ts": "f24e4a94f9fb7de78e8345e9590e1bf23da28a212541970413a023094448031b",
    "https://deno.land/std@0.99.0/async/mux_async_iterator.ts": "62abff3af9ff619e8f2adc96fc70d4ca020fa48a50c23c13f12d02ed2b760dbe",
    "https://deno.land/std@0.99.0/async/pool.ts": "353ce4f91865da203a097aa6f33de8966340c91b6f4a055611c8c5d534afd12f",
    "https://deno.land/std@0.99.0/async/tee.ts": "6b8f1322b6dd2396202cfbe9cde9cab158d1e962cfd9197b0a97c6657bee79ce",
    "https://deno.land/std@0.99.0/bytes/bytes_list.ts": "a13287edb03f19d27ba4927dec6d6de3e5bd46254cd4aee6f7e5815810122673",
    "https://deno.land/std@0.99.0/bytes/mod.ts": "1ae1ccfe98c4b979f12b015982c7444f81fcb921bea7aa215bf37d84f46e1e13",
    "https://deno.land/std@0.99.0/encoding/base64.ts": "eecae390f1f1d1cae6f6c6d732ede5276bf4b9cd29b1d281678c054dc5cc009e",
    "https://deno.land/std@0.99.0/encoding/hex.ts": "f952e0727bddb3b2fd2e6889d104eacbd62e92091f540ebd6459317a61932d9b",
    "https://deno.land/std@0.99.0/fmt/colors.ts": "db22b314a2ae9430ae7460ce005e0a7130e23ae1c999157e3bb77cf55800f7e4",
    "https://deno.land/std@0.99.0/hash/_wasm/hash.ts": "cb6ad1ab429f8ac9d6eae48f3286e08236d662e1a2e5cfd681ba1c0f17375895",
    "https://deno.land/std@0.99.0/hash/_wasm/wasm.js": "94b1b997ae6fb4e6d2156bcea8f79cfcd1e512a91252b08800a92071e5e84e1a",
    "https://deno.land/std@0.99.0/hash/mod.ts": "5d032bd34186cda2f8d17fc122d621430953a6030d4b3f11172004715e3e2441",
    "https://deno.land/std@0.99.0/hash/sha1.ts": "1cca324b4b253885a47f121adafcfac55b4cc96113e22b338e1db26f37a730b8",
    "https://deno.land/std@0.99.0/hash/sha256.ts": "2a06afd9c27942b87ffc8a93b3270065b5fe4ea144fe0939e5d050bfb86d40db",
    "https://deno.land/std@0.99.0/http/_io.ts": "f4446e433d8d0009851c7de20d594746de228399c382cbee65da30eb87e70827",
    "https://deno.land/std@0.99.0/http/http_status.ts": "ebaa9bebfb8adc3d7b20c49e11037e4eefd79629ad80d81383933f4cdc91b3eb",
    "https://deno.land/std@0.99.0/http/server.ts": "39414681549353ebd0665e3df4145ee0a93a989cd0f55bed14fdb2c43d2faa3b",
    "https://deno.land/std@0.99.0/io/buffer.ts": "3ead6bb11276ebcf093c403f74f67fd2205a515dbbb9061862c468ca56f37cd8",
    "https://deno.land/std@0.99.0/io/bufio.ts": "82fe6a499cacf4604844472ccf328cb0a1c0571c0f83b5ee67e475018342b4ae",
    "https://deno.land/std@0.99.0/io/ioutil.ts": "3c6b7c8be3b8cd19746de028c40063193578612244a935dcc27be9f3ff343b0c",
    "https://deno.land/std@0.99.0/io/readers.ts": "17403919724fef2f343c88555606368868a5c752a1099ad801f6a381c170f62d",
    "https://deno.land/std@0.99.0/io/streams.ts": "b2b15e2d92ee113db9225b8098f03f6338302ce21c4195c3f643bb5132426906",
    "https://deno.land/std@0.99.0/io/util.ts": "318be78b7954da25f0faffe123fef0d9423ea61af98467e860c06b60265eff6d",
    "https://deno.land/std@0.99.0/path/_constants.ts": "1247fee4a79b70c89f23499691ef169b41b6ccf01887a0abd131009c5581b853",
    "https://deno.land/std@0.99.0/path/_interface.ts": "1fa73b02aaa24867e481a48492b44f2598cd9dfa513c7b34001437007d3642e4",
    "https://deno.land/std@0.99.0/path/_util.ts": "2e06a3b9e79beaf62687196bd4b60a4c391d862cfa007a20fc3a39f778ba073b",
    "https://deno.land/std@0.99.0/path/common.ts": "eaf03d08b569e8a87e674e4e265e099f237472b6fd135b3cbeae5827035ea14a",
    "https://deno.land/std@0.99.0/path/glob.ts": "314ad9ff263b895795208cdd4d5e35a44618ca3c6dd155e226fb15d065008652",
    "https://deno.land/std@0.99.0/path/mod.ts": "4465dc494f271b02569edbb4a18d727063b5dbd6ed84283ff906260970a15d12",
    "https://deno.land/std@0.99.0/path/posix.ts": "f56c3c99feb47f30a40ce9d252ef6f00296fa7c0fcb6dd81211bdb3b8b99ca3b",
    "https://deno.land/std@0.99.0/path/separator.ts": "8fdcf289b1b76fd726a508f57d3370ca029ae6976fcde5044007f062e643ff1c",
    "https://deno.land/std@0.99.0/path/win32.ts": "77f7b3604e0de40f3a7c698e8a79e7f601dc187035a1c21cb1e596666ce112f8",
    "https://deno.land/std@0.99.0/testing/_diff.ts": "961eaf6d9f5b0a8556c9d835bbc6fa74f5addd7d3b02728ba7936ff93364f7a3",
    "https://deno.land/std@0.99.0/testing/asserts.ts": "289b6ccf3b422ffb311cbf56996960d6530f8d8c0a7281803764c5ec672f9f9c",
    "https://deno.land/std@0.99.0/textproto/mod.ts": "6e8430986393e3929720cec9c6668d75dee2ffd953886e842dc124c251cb86c8",
    "https://deno.land/std@0.99.0/ws/mod.ts": "561d12475c04ed91b109e5340ca7f2cfe0421613792586c3d8a4c825ad722f59",
    "https://deno.land/x/media_types@v2.9.0/db.ts": "ba39cddbcefce47d577c0529066787a3a7b39d27750a6d32b5ad53ed487e7b7b",
    "https://deno.land/x/media_types@v2.9.0/deps.ts": "364b24c35845cfd5c6903ab22b8ba9873bf1022bbbf6bf3d001695332d4bbb4f",
    "https://deno.land/x/media_types@v2.9.0/mod.ts": "d63583b978d32eff8b76e1ae5d83cba2fb27baa90cc1bcb0ad15a06122ea8c19",
    "https://deno.land/x/oak@v12.6.1/application.ts": "3028d3f6fa5ee743de013881550d054372c11d83c45099c2d794033786d27008",
    "https://deno.land/x/oak@v12.6.1/body.ts": "1899761b97fc9d776f3710b2637fb047ba29b968609afc6c0e5219b1108e703c",
    "https://deno.land/x/oak@v12.6.1/buf_reader.ts": "26640736541598dbd9f2b84a9d0595756afff03c9ca55b66eef1911f7798b56d",
    "https://deno.land/x/oak@v12.6.1/content_disposition.ts": "8b8c3cb2fba7138cd5b7f82fc3b5ea39b33db924a824b28261659db7e164621e",
    "https://deno.land/x/oak@v12.6.1/context.ts": "895a2d40186b89c28ba3947bf08a9335f1a11fc33133f760082536b74c53d1ca",
    "https://deno.land/x/oak@v12.6.1/deps.ts": "267ef76c25592101fe1f6c6d7730664015a9179c974da4f7441297d9367a9514",
    "https://deno.land/x/oak@v12.6.1/etag.ts": "32e47726b41698aefdd71faac5aaf2907c9bdd41ef18a7693863be4f8fee115d",
    "https://deno.land/x/oak@v12.6.1/forwarded.ts": "e656f96a85574e2a6ee54dc35efc9f72d543c9ae0923760ef426ee7369eef01c",
    "https://deno.land/x/oak@v12.6.1/headers.ts": "769fd042d34fbcd5667cbd745b5c65d335cc8430e822dbf1f87d65313cab4b47",
    "https://deno.land/x/oak@v12.6.1/helpers.ts": "6b03c6a2be06ec775d54449e442a2bac234aa952948ca758356eab6dc87af618",
    "https://deno.land/x/oak@v12.6.1/http_server_native.ts": "98e12c50a959553cfc144bc00999c969fa69ca781cbd96bec563f55691ab82db",
    "https://deno.land/x/oak@v12.6.1/http_server_native_request.ts": "552b174b5e13e92de8897d5b6f716b1e5a53543115481d65a651a41e4ca29ec9",
    "https://deno.land/x/oak@v12.6.1/isMediaType.ts": "62d638abcf837ece3a8f07a4b7ca59794135cb0d4b73194c7d5837efd4161005",
    "https://deno.land/x/oak@v12.6.1/mediaTyper.ts": "042b853fc8e9c3f6c628dd389e03ef481552bf07242efc3f8a1af042102a6105",
    "https://deno.land/x/oak@v12.6.1/middleware.ts": "c7f7a0424a6dd99a00e4b8d7d6e131efc0facc8dea781845d713b63df8ef1862",
    "https://deno.land/x/oak@v12.6.1/middleware/proxy.ts": "6f2799cf60d926e7a8d13ff757a59d7f0f930407db7ee9b81e7c064138eb89ff",
    "https://deno.land/x/oak@v12.6.1/mod.ts": "f6aa47ad1b6099470c9a884cccad9d3ac0fd242ba940896291ab76cd26cf554b",
    "https://deno.land/x/oak@v12.6.1/multipart.ts": "1484e01b98f5135f2aa09f7d0ce1e7be39109bf9f045ac660e941619d04e3d29",
    "https://deno.land/x/oak@v12.6.1/range.ts": "1ca15fc1ac21c650c34e6997a75af2af9d9d8eb6fe2d5d1dadeac3dfd4a9c152",
    "https://deno.land/x/oak@v12.6.1/request.ts": "32409827e285ee65889b22bbaaea5d6b280258124c2e9a4f724baa8e6d6375b7",
    "https://deno.land/x/oak@v12.6.1/response.ts": "094d950a5158f5b3446ca8a7b6e975dd23afb42b38c38517cc2f41dc75b16b4c",
    "https://deno.land/x/oak@v12.6.1/router.ts": "0f53d6249f9e8f89f2522b2b810b9302d0f22593c184b16b24b03bf2b7d42ea1",
    "https://deno.land/x/oak@v12.6.1/send.ts": "5ec49f106294593f468317a0c885da4f3274bf6d0fe9e16a7304391730b4f4fb",
    "https://deno.land/x/oak@v12.6.1/structured_clone.ts": "c3888b14d1eec558345bfbf13d0993d59bd45aaa8588444e35dd558c3a921cd8",
    "https://deno.land/x/oak@v12.6.1/testing.ts": "37d684d57bb8e5150fb5eb2677e66b04dcb422709cf2c5a74c1df94d52aa02e2",
    "https://deno.land/x/oak@v12.6.1/util.ts": "0a3fdffb114859c2de84e1783efa3a544af4d2af8c6f08e0d25655de9d3e69bb",
    "https://deno.land/x/oak@v7.7.0/application.ts": "5d924b7d18fbe29e59698d314b53a554b4eaf12d237380fe0f32311b4baf6157",
    "https://deno.land/x/oak@v7.7.0/async_iterable_reader.ts": "c227ea777f7afdfe85f09be5eafca40a0828de45bde95e87615f0463e58255c1",
    "https://deno.land/x/oak@v7.7.0/body.ts": "7a96b6f19f1f7707bbdbbfb274335f41d0978ed51dc293414e3264e9a9e83664",
    "https://deno.land/x/oak@v7.7.0/buf_reader.ts": "69e0fee4bcee06d955123344e1e9395ea0fc1e0d1d48845dd334d9e2e4d39f82",
    "https://deno.land/x/oak@v7.7.0/content_disposition.ts": "8b8c3cb2fba7138cd5b7f82fc3b5ea39b33db924a824b28261659db7e164621e",
    "https://deno.land/x/oak@v7.7.0/context.ts": "38e85b5cfbbbfc912f2a791ab9efd8f2517591d5f80314d7a080f529e4fed16b",
    "https://deno.land/x/oak@v7.7.0/cookies.ts": "161992e2a02cb078f3366c61b0dd560894131dc01a690bdc300cb91fcda34c86",
    "https://deno.land/x/oak@v7.7.0/deps.ts": "599d6c0a8da1eccd679ae7baac8bad65c52d0af8234c25bb264325dd04620ba0",
    "https://deno.land/x/oak@v7.7.0/etag.ts": "58d6ff25d043d3645116b23af51d2bc36d99c45b8ad4a6119efd7b654b467523",
    "https://deno.land/x/oak@v7.7.0/headers.ts": "50b809d5f311837f49344f6622bfbe24c57e64cd788bfb8d66ac826d304e6c3a",
    "https://deno.land/x/oak@v7.7.0/helpers.ts": "c1cd593a85d294bf4d6c19c7b38c5a0951915114a6b9b0081a6dfb3aa9f83a42",
    "https://deno.land/x/oak@v7.7.0/httpError.ts": "0b417a40b8cd39be7595ae11ca3b20ce8f01a6ac2f2977fa1c297c881e1d1366",
    "https://deno.land/x/oak@v7.7.0/http_server_native.ts": "6da226420920dda3b99974aa5c7e9a7b30560eca83ff207420f660bacd3fc0d9",
    "https://deno.land/x/oak@v7.7.0/http_server_std.ts": "0c97323f22e844723c17b2ffde1dfaafd2edc5acb04b70974a31150a6835c0c4",
    "https://deno.land/x/oak@v7.7.0/isMediaType.ts": "e7457f8c14245a7bb9a3a48000d50e112bb6fcafeab8fd7bcff16363a0cd8687",
    "https://deno.land/x/oak@v7.7.0/keyStack.ts": "d916271673d91f3816fa856afaa456422c67ccebfe6391b62d4541f2d5cf879d",
    "https://deno.land/x/oak@v7.7.0/mediaTyper.ts": "042b853fc8e9c3f6c628dd389e03ef481552bf07242efc3f8a1af042102a6105",
    "https://deno.land/x/oak@v7.7.0/middleware.ts": "073665130709d495e058c68d67dbf09161d2a4a0ce2a8b4614f13f96e21a22cd",
    "https://deno.land/x/oak@v7.7.0/middleware/proxy.ts": "3e03143039409b55b535a5c99defb27ead220ef9b8cf75459e3eaefcfcfe373e",
    "https://deno.land/x/oak@v7.7.0/mod.ts": "fc6a57694d15de265944cae1685c28a6f6475ee041cd1c82a83c6abf4c001881",
    "https://deno.land/x/oak@v7.7.0/multipart.ts": "e19a58bd71ef5ae99f6a8f64fa4fe0d43d3082de3cbde1c51841548d63b20a3d",
    "https://deno.land/x/oak@v7.7.0/negotiation/charset.ts": "b4c2e0c49dd5122f130f95bf29508448d983c424801b5bc304b00288b5ae3195",
    "https://deno.land/x/oak@v7.7.0/negotiation/common.ts": "f54d599d37408005f8c565d0f6505de51fed31feaa3654a7758e2359c006b02c",
    "https://deno.land/x/oak@v7.7.0/negotiation/encoding.ts": "60eb0fc3df57cc39eaa739e0e9e2cda6c20b3aa429d1a0108f503065f5709bbe",
    "https://deno.land/x/oak@v7.7.0/negotiation/language.ts": "62ef13ea3146538dd52a4666611bd423ebb9a6438e7312398e17a4d16dbafb51",
    "https://deno.land/x/oak@v7.7.0/negotiation/mediaType.ts": "7e25cc34600beea3bf0b0879ff1783c752260fcb517dffea2e122830c36e8451",
    "https://deno.land/x/oak@v7.7.0/range.ts": "f3ea2dedeb111c29ae5848e7092984c262432167b7e96d40244037dcee6cd937",
    "https://deno.land/x/oak@v7.7.0/request.ts": "10a0765ba68dbaebb19d57d891038eb8a089d0f1d4a6c44bbfdb1090ba1e9298",
    "https://deno.land/x/oak@v7.7.0/response.ts": "41f5e60b922d0dae2b100e7b7097b81c8ec436766993f5df455ba5522ff736da",
    "https://deno.land/x/oak@v7.7.0/router.ts": "a20b5c35ea2520767bf6e260e0b1b430e5045afa3cc69f8e8cbea363a7659eb3",
    "https://deno.land/x/oak@v7.7.0/send.ts": "e32350e03831221412d801177739f9a9024846c55777ae90a1f2fcd028876cc0",
    "https://deno.land/x/oak@v7.7.0/server_sent_event.ts": "90844f9c01f62f16f367bd4701006f434e80fde89751cdda980a1976d902b2c4",
    "https://deno.land/x/oak@v7.7.0/structured_clone.ts": "8c94f87ced4fe3e70075d5e3a70e4251ed76a9292fec25115f045a19e6145734",
    "https://deno.land/x/oak@v7.7.0/testing.ts": "68e125ed9dce1595dfa64a615272272dc89dad19966a0a652ff840bbc8e64c72",
    "https://deno.land/x/oak@v7.7.0/tssCompare.ts": "3a07de58ecbe66083b5633b812b637a6c70c2542a874db6853feed5ef069bf5c",
    "https://deno.land/x/oak@v7.7.0/util.ts": "bebdd66e5a75c82c3a5828b8556c9f952632580b252759cbe874b9e1188b88eb",
    "https://deno.land/x/path_to_regexp@v6.2.0/index.ts": "e94c04a44bbecac99ff2db2d831afe98b423e627b775cb57fc7935f848c64c51",
    "https://deno.land/x/path_to_regexp@v6.2.1/index.ts": "894060567837bae8fc9c5cbd4d0a05e9024672083d5883b525c031eea940e556",
    "https://deno.land/x/virtualstorage@0.1.0/middleware.ts": "abb7a2c816bf9201d07946bd1ee3d79a916cea74f7992b30e9a45b7777ca38c4",
    "https://deno.land/x/virtualstorage@0.1.0/mod.ts": "9449c2f86fab7d09fd7b76446c7852515bbe512cca925a93793e0361d1e266d4",
    "https://deno.land/x/virtualstorage@0.1.0/virtualStorage.ts": "602965ab9985f0e330587db8b60c2639611622cfd608d1964ade58ed746db09d",
    "https://deno.land/x/xhr@0.3.1/mod.ts": "1c10f8c6fe3e105b03c6af559702fba9fa6ffef51712b4acaef5de79f617bcb0",
    "https://www.gstatic.com/firebasejs/10.7.1/firebase-analytics.js": "61faa028d0abfcbbd7b3e8048aa1f73a75afc7fc8a332ec45762251c7292685e",
    "https://www.gstatic.com/firebasejs/10.7.1/firebase-app.js": "a2b53a9e910b09997ffc8866bbebcc6e8923d3fb4548d83fa362daea35efe157",
    "https://www.gstatic.com/firebasejs/10.7.1/firebase-firestore-lite.js": "98414d33bf0b3405706af4f3eb25b228d278380263a4517bac644d95627e828b"
  }
}
